// !$*UTF8*$!
{
	archiveVersion = 1;
	classes = {
	};
	objectVersion = 52;
	objects = {

/* Begin PBXBuildFile section */
		058557BB273AAA24004C7B11 /* Assets.xcassets in Resources */ = {isa = PBXBuildFile; fileRef = 058557BA273AAA24004C7B11 /* Assets.xcassets */; };
		058557D9273AAEEB004C7B11 /* Preview Assets.xcassets in Resources */ = {isa = PBXBuildFile; fileRef = 058557D8273AAEEB004C7B11 /* Preview Assets.xcassets */; };
		2152FB042600AC8F00CF470E /* iOSApp.swift in Sources */ = {isa = PBXBuildFile; fileRef = 2152FB032600AC8F00CF470E /* iOSApp.swift */; };
		460F599F29A5C37300E11E59 /* ClassComponent.swift in Sources */ = {isa = PBXBuildFile; fileRef = 460F599E29A5C37300E11E59 /* ClassComponent.swift */; };
		46C429D829B295A400725C54 /* ClassDetailsView.swift in Sources */ = {isa = PBXBuildFile; fileRef = 46C429D729B295A400725C54 /* ClassDetailsView.swift */; };
		46C429DA29C1309F00725C54 /* ChatView.swift in Sources */ = {isa = PBXBuildFile; fileRef = 46C429D929C1309F00725C54 /* ChatView.swift */; };
		46C429DC29C130AC00725C54 /* RoaryMinderResponse.swift in Sources */ = {isa = PBXBuildFile; fileRef = 46C429DB29C130AC00725C54 /* RoaryMinderResponse.swift */; };
		46C429DE29C130B600725C54 /* iOSAppChat.swift in Sources */ = {isa = PBXBuildFile; fileRef = 46C429DD29C130B600725C54 /* iOSAppChat.swift */; };
		46D5B6BB29CA694700575B73 /* GoogleService-Info.plist in Resources */ = {isa = PBXBuildFile; fileRef = 46D5B6BA29CA694600575B73 /* GoogleService-Info.plist */; };
		46E37DDA29A9C1E400D65C10 /* ClassListComponent.swift in Sources */ = {isa = PBXBuildFile; fileRef = 46E37DD929A9C1E400D65C10 /* ClassListComponent.swift */; };
		46E37DDC29A9C83500D65C10 /* Class.swift in Sources */ = {isa = PBXBuildFile; fileRef = 46E37DDB29A9C83500D65C10 /* Class.swift */; };
		46E37DDE29A9CD5B00D65C10 /* LandingPageView.swift in Sources */ = {isa = PBXBuildFile; fileRef = 46E37DDD29A9CD5B00D65C10 /* LandingPageView.swift */; };
		46E37DE029A9CE9900D65C10 /* SearchBarView.swift in Sources */ = {isa = PBXBuildFile; fileRef = 46E37DDF29A9CE9900D65C10 /* SearchBarView.swift */; };
		46E37DE229A9CEC500D65C10 /* SideMenuView.swift in Sources */ = {isa = PBXBuildFile; fileRef = 46E37DE129A9CEC500D65C10 /* SideMenuView.swift */; };
		5719604229C3D1F700B432D6 /* FirebaseAnalytics in Frameworks */ = {isa = PBXBuildFile; productRef = 5719604129C3D1F700B432D6 /* FirebaseAnalytics */; };
		5719604429C3D1F700B432D6 /* FirebaseAnalyticsOnDeviceConversion in Frameworks */ = {isa = PBXBuildFile; productRef = 5719604329C3D1F700B432D6 /* FirebaseAnalyticsOnDeviceConversion */; };
		5719604629C3D1F700B432D6 /* FirebaseAnalyticsSwift in Frameworks */ = {isa = PBXBuildFile; productRef = 5719604529C3D1F700B432D6 /* FirebaseAnalyticsSwift */; };
		5719604829C3D1F700B432D6 /* FirebaseAnalyticsWithoutAdIdSupport in Frameworks */ = {isa = PBXBuildFile; productRef = 5719604729C3D1F700B432D6 /* FirebaseAnalyticsWithoutAdIdSupport */; };
		5719604A29C3D1F700B432D6 /* FirebaseAppCheck in Frameworks */ = {isa = PBXBuildFile; productRef = 5719604929C3D1F700B432D6 /* FirebaseAppCheck */; };
		5719604C29C3D1F700B432D6 /* FirebaseAppDistribution-Beta in Frameworks */ = {isa = PBXBuildFile; productRef = 5719604B29C3D1F700B432D6 /* FirebaseAppDistribution-Beta */; };
		5719604E29C3D1F700B432D6 /* FirebaseAuth in Frameworks */ = {isa = PBXBuildFile; productRef = 5719604D29C3D1F700B432D6 /* FirebaseAuth */; };
		5719605029C3D1F700B432D6 /* FirebaseAuthCombine-Community in Frameworks */ = {isa = PBXBuildFile; productRef = 5719604F29C3D1F700B432D6 /* FirebaseAuthCombine-Community */; };
		5719605229C3D1F700B432D6 /* FirebaseCrashlytics in Frameworks */ = {isa = PBXBuildFile; productRef = 5719605129C3D1F700B432D6 /* FirebaseCrashlytics */; };
		5719605429C3D1F700B432D6 /* FirebaseDatabase in Frameworks */ = {isa = PBXBuildFile; productRef = 5719605329C3D1F700B432D6 /* FirebaseDatabase */; };
		5719605629C3D1F700B432D6 /* FirebaseDatabaseSwift in Frameworks */ = {isa = PBXBuildFile; productRef = 5719605529C3D1F700B432D6 /* FirebaseDatabaseSwift */; };
		5719605829C3D1F700B432D6 /* FirebaseDynamicLinks in Frameworks */ = {isa = PBXBuildFile; productRef = 5719605729C3D1F700B432D6 /* FirebaseDynamicLinks */; };
		5719605A29C3D1F700B432D6 /* FirebaseFirestore in Frameworks */ = {isa = PBXBuildFile; productRef = 5719605929C3D1F700B432D6 /* FirebaseFirestore */; };
		5719605C29C3D1F700B432D6 /* FirebaseFirestoreCombine-Community in Frameworks */ = {isa = PBXBuildFile; productRef = 5719605B29C3D1F700B432D6 /* FirebaseFirestoreCombine-Community */; };
		5719605E29C3D1F700B432D6 /* FirebaseFirestoreSwift in Frameworks */ = {isa = PBXBuildFile; productRef = 5719605D29C3D1F700B432D6 /* FirebaseFirestoreSwift */; };
		5719606029C3D1F700B432D6 /* FirebaseFunctions in Frameworks */ = {isa = PBXBuildFile; productRef = 5719605F29C3D1F700B432D6 /* FirebaseFunctions */; };
		5719606229C3D1F700B432D6 /* FirebaseFunctionsCombine-Community in Frameworks */ = {isa = PBXBuildFile; productRef = 5719606129C3D1F700B432D6 /* FirebaseFunctionsCombine-Community */; };
		5719606429C3D1F700B432D6 /* FirebaseInAppMessaging-Beta in Frameworks */ = {isa = PBXBuildFile; productRef = 5719606329C3D1F700B432D6 /* FirebaseInAppMessaging-Beta */; };
		5719606629C3D1F700B432D6 /* FirebaseInAppMessagingSwift-Beta in Frameworks */ = {isa = PBXBuildFile; productRef = 5719606529C3D1F700B432D6 /* FirebaseInAppMessagingSwift-Beta */; };
		5719606829C3D1F700B432D6 /* FirebaseInstallations in Frameworks */ = {isa = PBXBuildFile; productRef = 5719606729C3D1F700B432D6 /* FirebaseInstallations */; };
		5719606A29C3D1F700B432D6 /* FirebaseMLModelDownloader in Frameworks */ = {isa = PBXBuildFile; productRef = 5719606929C3D1F700B432D6 /* FirebaseMLModelDownloader */; };
		5719606C29C3D1F700B432D6 /* FirebaseMessaging in Frameworks */ = {isa = PBXBuildFile; productRef = 5719606B29C3D1F700B432D6 /* FirebaseMessaging */; };
		5719606E29C3D1F700B432D6 /* FirebasePerformance in Frameworks */ = {isa = PBXBuildFile; productRef = 5719606D29C3D1F700B432D6 /* FirebasePerformance */; };
		5719607029C3D1F700B432D6 /* FirebaseRemoteConfig in Frameworks */ = {isa = PBXBuildFile; productRef = 5719606F29C3D1F700B432D6 /* FirebaseRemoteConfig */; };
		5719607229C3D1F700B432D6 /* FirebaseRemoteConfigSwift in Frameworks */ = {isa = PBXBuildFile; productRef = 5719607129C3D1F700B432D6 /* FirebaseRemoteConfigSwift */; };
		5719607429C3D1F700B432D6 /* FirebaseStorage in Frameworks */ = {isa = PBXBuildFile; productRef = 5719607329C3D1F700B432D6 /* FirebaseStorage */; };
		5719607629C3D1F700B432D6 /* FirebaseStorageCombine-Community in Frameworks */ = {isa = PBXBuildFile; productRef = 5719607529C3D1F700B432D6 /* FirebaseStorageCombine-Community */; };
		5740C38429CA761B006A6FF1 /* KMMViewModelCore in Frameworks */ = {isa = PBXBuildFile; productRef = 5740C38329CA761B006A6FF1 /* KMMViewModelCore */; };
		5740C38629CA761B006A6FF1 /* KMMViewModelSwiftUI in Frameworks */ = {isa = PBXBuildFile; productRef = 5740C38529CA761B006A6FF1 /* KMMViewModelSwiftUI */; };
		5740C38829CA7657006A6FF1 /* KMMViewModel.swift in Sources */ = {isa = PBXBuildFile; fileRef = 5740C38729CA7657006A6FF1 /* KMMViewModel.swift */; };
		7555FF83242A565900829871 /* ContentView.swift in Sources */ = {isa = PBXBuildFile; fileRef = 7555FF82242A565900829871 /* ContentView.swift */; };
		798CF96729B819D500D12FF8 /* NotificationView.swift in Sources */ = {isa = PBXBuildFile; fileRef = 798CF96629B819D500D12FF8 /* NotificationView.swift */; };
		798CF96929B82A3F00D12FF8 /* NotificationListView.swift in Sources */ = {isa = PBXBuildFile; fileRef = 798CF96829B82A3F00D12FF8 /* NotificationListView.swift */; };
		864AA11529CE255600292C7B /* ClassCreation.swift in Sources */ = {isa = PBXBuildFile; fileRef = 864AA11429CE255600292C7B /* ClassCreation.swift */; };
/* End PBXBuildFile section */

/* Begin PBXCopyFilesBuildPhase section */
		7555FFB4242A642300829871 /* Embed Frameworks */ = {
			isa = PBXCopyFilesBuildPhase;
			buildActionMask = 2147483647;
			dstPath = "";
			dstSubfolderSpec = 10;
			files = (
			);
			name = "Embed Frameworks";
			runOnlyForDeploymentPostprocessing = 0;
		};
/* End PBXCopyFilesBuildPhase section */

/* Begin PBXFileReference section */
		058557BA273AAA24004C7B11 /* Assets.xcassets */ = {isa = PBXFileReference; lastKnownFileType = folder.assetcatalog; path = Assets.xcassets; sourceTree = "<group>"; };
		058557D8273AAEEB004C7B11 /* Preview Assets.xcassets */ = {isa = PBXFileReference; lastKnownFileType = folder.assetcatalog; path = "Preview Assets.xcassets"; sourceTree = "<group>"; };
		2152FB032600AC8F00CF470E /* iOSApp.swift */ = {isa = PBXFileReference; lastKnownFileType = sourcecode.swift; path = iOSApp.swift; sourceTree = "<group>"; };
		460F599E29A5C37300E11E59 /* ClassComponent.swift */ = {isa = PBXFileReference; lastKnownFileType = sourcecode.swift; path = ClassComponent.swift; sourceTree = "<group>"; };
		46C429D729B295A400725C54 /* ClassDetailsView.swift */ = {isa = PBXFileReference; lastKnownFileType = sourcecode.swift; path = ClassDetailsView.swift; sourceTree = "<group>"; };
		46C429D929C1309F00725C54 /* ChatView.swift */ = {isa = PBXFileReference; fileEncoding = 4; lastKnownFileType = sourcecode.swift; path = ChatView.swift; sourceTree = "<group>"; };
		46C429DB29C130AC00725C54 /* RoaryMinderResponse.swift */ = {isa = PBXFileReference; fileEncoding = 4; lastKnownFileType = sourcecode.swift; path = RoaryMinderResponse.swift; sourceTree = "<group>"; };
		46C429DD29C130B600725C54 /* iOSAppChat.swift */ = {isa = PBXFileReference; fileEncoding = 4; lastKnownFileType = sourcecode.swift; path = iOSAppChat.swift; sourceTree = "<group>"; };
		46D5B6BA29CA694600575B73 /* GoogleService-Info.plist */ = {isa = PBXFileReference; fileEncoding = 4; lastKnownFileType = text.plist.xml; name = "GoogleService-Info.plist"; path = "roaryMinderIOS/GoogleService-Info.plist"; sourceTree = "<group>"; };
		46E37DD929A9C1E400D65C10 /* ClassListComponent.swift */ = {isa = PBXFileReference; lastKnownFileType = sourcecode.swift; path = ClassListComponent.swift; sourceTree = "<group>"; };
		46E37DDB29A9C83500D65C10 /* Class.swift */ = {isa = PBXFileReference; lastKnownFileType = sourcecode.swift; path = Class.swift; sourceTree = "<group>"; };
		46E37DDD29A9CD5B00D65C10 /* LandingPageView.swift */ = {isa = PBXFileReference; lastKnownFileType = sourcecode.swift; path = LandingPageView.swift; sourceTree = "<group>"; };
		46E37DDF29A9CE9900D65C10 /* SearchBarView.swift */ = {isa = PBXFileReference; lastKnownFileType = sourcecode.swift; path = SearchBarView.swift; sourceTree = "<group>"; };
		46E37DE129A9CEC500D65C10 /* SideMenuView.swift */ = {isa = PBXFileReference; lastKnownFileType = sourcecode.swift; path = SideMenuView.swift; sourceTree = "<group>"; };
		5740C38729CA7657006A6FF1 /* KMMViewModel.swift */ = {isa = PBXFileReference; lastKnownFileType = sourcecode.swift; path = KMMViewModel.swift; sourceTree = "<group>"; };
		7555FF7B242A565900829871 /* RoaryMinder.app */ = {isa = PBXFileReference; explicitFileType = wrapper.application; includeInIndex = 0; path = RoaryMinder.app; sourceTree = BUILT_PRODUCTS_DIR; };
		7555FF82242A565900829871 /* ContentView.swift */ = {isa = PBXFileReference; lastKnownFileType = sourcecode.swift; path = ContentView.swift; sourceTree = "<group>"; };
		7555FF8C242A565B00829871 /* Info.plist */ = {isa = PBXFileReference; lastKnownFileType = text.plist.xml; path = Info.plist; sourceTree = "<group>"; };
		798CF96629B819D500D12FF8 /* NotificationView.swift */ = {isa = PBXFileReference; lastKnownFileType = sourcecode.swift; path = NotificationView.swift; sourceTree = "<group>"; };
		798CF96829B82A3F00D12FF8 /* NotificationListView.swift */ = {isa = PBXFileReference; lastKnownFileType = sourcecode.swift; path = NotificationListView.swift; sourceTree = "<group>"; };
		864AA11429CE255600292C7B /* ClassCreation.swift */ = {isa = PBXFileReference; lastKnownFileType = sourcecode.swift; path = ClassCreation.swift; sourceTree = "<group>"; };
/* End PBXFileReference section */

/* Begin PBXFrameworksBuildPhase section */
		7555FF78242A565900829871 /* Frameworks */ = {
			isa = PBXFrameworksBuildPhase;
			buildActionMask = 2147483647;
			files = (
				5719605429C3D1F700B432D6 /* FirebaseDatabase in Frameworks */,
				5719606229C3D1F700B432D6 /* FirebaseFunctionsCombine-Community in Frameworks */,
				5719605A29C3D1F700B432D6 /* FirebaseFirestore in Frameworks */,
				5719604629C3D1F700B432D6 /* FirebaseAnalyticsSwift in Frameworks */,
				5719604229C3D1F700B432D6 /* FirebaseAnalytics in Frameworks */,
				5719604429C3D1F700B432D6 /* FirebaseAnalyticsOnDeviceConversion in Frameworks */,
				5719606A29C3D1F700B432D6 /* FirebaseMLModelDownloader in Frameworks */,
				5719605E29C3D1F700B432D6 /* FirebaseFirestoreSwift in Frameworks */,
				5719604A29C3D1F700B432D6 /* FirebaseAppCheck in Frameworks */,
				5719604829C3D1F700B432D6 /* FirebaseAnalyticsWithoutAdIdSupport in Frameworks */,
				5719604E29C3D1F700B432D6 /* FirebaseAuth in Frameworks */,
				5719605229C3D1F700B432D6 /* FirebaseCrashlytics in Frameworks */,
				5719607229C3D1F700B432D6 /* FirebaseRemoteConfigSwift in Frameworks */,
				5719606429C3D1F700B432D6 /* FirebaseInAppMessaging-Beta in Frameworks */,
				5740C38429CA761B006A6FF1 /* KMMViewModelCore in Frameworks */,
				5719605629C3D1F700B432D6 /* FirebaseDatabaseSwift in Frameworks */,
				5719606029C3D1F700B432D6 /* FirebaseFunctions in Frameworks */,
				5719607629C3D1F700B432D6 /* FirebaseStorageCombine-Community in Frameworks */,
				5719607029C3D1F700B432D6 /* FirebaseRemoteConfig in Frameworks */,
				5719604C29C3D1F700B432D6 /* FirebaseAppDistribution-Beta in Frameworks */,
				5740C38629CA761B006A6FF1 /* KMMViewModelSwiftUI in Frameworks */,
				5719605029C3D1F700B432D6 /* FirebaseAuthCombine-Community in Frameworks */,
				5719606E29C3D1F700B432D6 /* FirebasePerformance in Frameworks */,
				5719606629C3D1F700B432D6 /* FirebaseInAppMessagingSwift-Beta in Frameworks */,
				5719607429C3D1F700B432D6 /* FirebaseStorage in Frameworks */,
				5719605829C3D1F700B432D6 /* FirebaseDynamicLinks in Frameworks */,
				5719605C29C3D1F700B432D6 /* FirebaseFirestoreCombine-Community in Frameworks */,
				5719606C29C3D1F700B432D6 /* FirebaseMessaging in Frameworks */,
				5719606829C3D1F700B432D6 /* FirebaseInstallations in Frameworks */,
			);
			runOnlyForDeploymentPostprocessing = 0;
		};
/* End PBXFrameworksBuildPhase section */

/* Begin PBXGroup section */
		058557D7273AAEEB004C7B11 /* Preview Content */ = {
			isa = PBXGroup;
			children = (
				058557D8273AAEEB004C7B11 /* Preview Assets.xcassets */,
			);
			path = "Preview Content";
			sourceTree = "<group>";
		};
		7555FF72242A565900829871 = {
			isa = PBXGroup;
			children = (
				46D5B6BA29CA694600575B73 /* GoogleService-Info.plist */,
				7555FF7D242A565900829871 /* roaryMinderIOS */,
				7555FF7C242A565900829871 /* Products */,
				7555FFB0242A642200829871 /* Frameworks */,
			);
			sourceTree = "<group>";
		};
		7555FF7C242A565900829871 /* Products */ = {
			isa = PBXGroup;
			children = (
				7555FF7B242A565900829871 /* RoaryMinder.app */,
			);
			name = Products;
			sourceTree = "<group>";
		};
		7555FF7D242A565900829871 /* roaryMinderIOS */ = {
			isa = PBXGroup;
			children = (
				46C429DD29C130B600725C54 /* iOSAppChat.swift */,
				46C429DB29C130AC00725C54 /* RoaryMinderResponse.swift */,
				46C429D929C1309F00725C54 /* ChatView.swift */,
				058557BA273AAA24004C7B11 /* Assets.xcassets */,
				7555FF82242A565900829871 /* ContentView.swift */,
				798CF96629B819D500D12FF8 /* NotificationView.swift */,
				864AA11429CE255600292C7B /* ClassCreation.swift */,
				798CF96829B82A3F00D12FF8 /* NotificationListView.swift */,
				460F599E29A5C37300E11E59 /* ClassComponent.swift */,
				46C429D729B295A400725C54 /* ClassDetailsView.swift */,
				46E37DDD29A9CD5B00D65C10 /* LandingPageView.swift */,
				46E37DD929A9C1E400D65C10 /* ClassListComponent.swift */,
				46E37DE129A9CEC500D65C10 /* SideMenuView.swift */,
				46E37DDF29A9CE9900D65C10 /* SearchBarView.swift */,
				46E37DDB29A9C83500D65C10 /* Class.swift */,
				7555FF8C242A565B00829871 /* Info.plist */,
				2152FB032600AC8F00CF470E /* iOSApp.swift */,
				058557D7273AAEEB004C7B11 /* Preview Content */,
				5740C38729CA7657006A6FF1 /* KMMViewModel.swift */,
			);
			path = roaryMinderIOS;
			sourceTree = "<group>";
		};
		7555FFB0242A642200829871 /* Frameworks */ = {
			isa = PBXGroup;
			children = (
			);
			name = Frameworks;
			sourceTree = "<group>";
		};
/* End PBXGroup section */

/* Begin PBXNativeTarget section */
		7555FF7A242A565900829871 /* RoaryMinder */ = {
			isa = PBXNativeTarget;
			buildConfigurationList = 7555FFA5242A565B00829871 /* Build configuration list for PBXNativeTarget "RoaryMinder" */;
			buildPhases = (
				7555FFB5242A651A00829871 /* ShellScript */,
				7555FF77242A565900829871 /* Sources */,
				7555FF78242A565900829871 /* Frameworks */,
				7555FF79242A565900829871 /* Resources */,
				7555FFB4242A642300829871 /* Embed Frameworks */,
			);
			buildRules = (
			);
			dependencies = (
			);
			name = RoaryMinder;
			packageProductDependencies = (
				5719604129C3D1F700B432D6 /* FirebaseAnalytics */,
				5719604329C3D1F700B432D6 /* FirebaseAnalyticsOnDeviceConversion */,
				5719604529C3D1F700B432D6 /* FirebaseAnalyticsSwift */,
				5719604729C3D1F700B432D6 /* FirebaseAnalyticsWithoutAdIdSupport */,
				5719604929C3D1F700B432D6 /* FirebaseAppCheck */,
				5719604B29C3D1F700B432D6 /* FirebaseAppDistribution-Beta */,
				5719604D29C3D1F700B432D6 /* FirebaseAuth */,
				5719604F29C3D1F700B432D6 /* FirebaseAuthCombine-Community */,
				5719605129C3D1F700B432D6 /* FirebaseCrashlytics */,
				5719605329C3D1F700B432D6 /* FirebaseDatabase */,
				5719605529C3D1F700B432D6 /* FirebaseDatabaseSwift */,
				5719605729C3D1F700B432D6 /* FirebaseDynamicLinks */,
				5719605929C3D1F700B432D6 /* FirebaseFirestore */,
				5719605B29C3D1F700B432D6 /* FirebaseFirestoreCombine-Community */,
				5719605D29C3D1F700B432D6 /* FirebaseFirestoreSwift */,
				5719605F29C3D1F700B432D6 /* FirebaseFunctions */,
				5719606129C3D1F700B432D6 /* FirebaseFunctionsCombine-Community */,
				5719606329C3D1F700B432D6 /* FirebaseInAppMessaging-Beta */,
				5719606529C3D1F700B432D6 /* FirebaseInAppMessagingSwift-Beta */,
				5719606729C3D1F700B432D6 /* FirebaseInstallations */,
				5719606929C3D1F700B432D6 /* FirebaseMLModelDownloader */,
				5719606B29C3D1F700B432D6 /* FirebaseMessaging */,
				5719606D29C3D1F700B432D6 /* FirebasePerformance */,
				5719606F29C3D1F700B432D6 /* FirebaseRemoteConfig */,
				5719607129C3D1F700B432D6 /* FirebaseRemoteConfigSwift */,
				5719607329C3D1F700B432D6 /* FirebaseStorage */,
				5719607529C3D1F700B432D6 /* FirebaseStorageCombine-Community */,
				5740C38329CA761B006A6FF1 /* KMMViewModelCore */,
				5740C38529CA761B006A6FF1 /* KMMViewModelSwiftUI */,
			);
			productName = roaryMinderIOS;
			productReference = 7555FF7B242A565900829871 /* RoaryMinder.app */;
			productType = "com.apple.product-type.application";
		};
/* End PBXNativeTarget section */

/* Begin PBXProject section */
		7555FF73242A565900829871 /* Project object */ = {
			isa = PBXProject;
			attributes = {
				LastSwiftUpdateCheck = 1130;
				LastUpgradeCheck = 1130;
				ORGANIZATIONNAME = orgName;
				TargetAttributes = {
					7555FF7A242A565900829871 = {
						CreatedOnToolsVersion = 11.3.1;
					};
				};
			};
			buildConfigurationList = 7555FF76242A565900829871 /* Build configuration list for PBXProject "RoaryMinder" */;
			compatibilityVersion = "Xcode 9.3";
			developmentRegion = en;
			hasScannedForEncodings = 0;
			knownRegions = (
				en,
				Base,
			);
			mainGroup = 7555FF72242A565900829871;
			packageReferences = (
				5719604029C3D1F600B432D6 /* XCRemoteSwiftPackageReference "firebase-ios-sdk" */,
				5740C38229CA761B006A6FF1 /* XCRemoteSwiftPackageReference "KMM-ViewModel" */,
			);
			productRefGroup = 7555FF7C242A565900829871 /* Products */;
			projectDirPath = "";
			projectRoot = "";
			targets = (
				7555FF7A242A565900829871 /* RoaryMinder */,
			);
		};
/* End PBXProject section */

/* Begin PBXResourcesBuildPhase section */
		7555FF79242A565900829871 /* Resources */ = {
			isa = PBXResourcesBuildPhase;
			buildActionMask = 2147483647;
			files = (
				058557D9273AAEEB004C7B11 /* Preview Assets.xcassets in Resources */,
				058557BB273AAA24004C7B11 /* Assets.xcassets in Resources */,
				46D5B6BB29CA694700575B73 /* GoogleService-Info.plist in Resources */,
			);
			runOnlyForDeploymentPostprocessing = 0;
		};
/* End PBXResourcesBuildPhase section */

/* Begin PBXShellScriptBuildPhase section */
		7555FFB5242A651A00829871 /* ShellScript */ = {
			isa = PBXShellScriptBuildPhase;
			buildActionMask = 2147483647;
			files = (
			);
			inputFileListPaths = (
			);
			inputPaths = (
			);
			outputFileListPaths = (
			);
			outputPaths = (
			);
			runOnlyForDeploymentPostprocessing = 0;
			shellPath = /bin/sh;
			shellScript = "cd \"$SRCROOT/..\"\n./gradlew :shared:embedAndSignAppleFrameworkForXcode\n";
		};
/* End PBXShellScriptBuildPhase section */

/* Begin PBXSourcesBuildPhase section */
		7555FF77242A565900829871 /* Sources */ = {
			isa = PBXSourcesBuildPhase;
			buildActionMask = 2147483647;
			files = (
				46C429DC29C130AC00725C54 /* RoaryMinderResponse.swift in Sources */,
				46E37DDA29A9C1E400D65C10 /* ClassListComponent.swift in Sources */,
				798CF96929B82A3F00D12FF8 /* NotificationListView.swift in Sources */,
				5740C38829CA7657006A6FF1 /* KMMViewModel.swift in Sources */,
				46C429DE29C130B600725C54 /* iOSAppChat.swift in Sources */,
				46E37DDE29A9CD5B00D65C10 /* LandingPageView.swift in Sources */,
				46E37DE229A9CEC500D65C10 /* SideMenuView.swift in Sources */,
				46C429DA29C1309F00725C54 /* ChatView.swift in Sources */,
				2152FB042600AC8F00CF470E /* iOSApp.swift in Sources */,
				864AA11529CE255600292C7B /* ClassCreation.swift in Sources */,
				46E37DE029A9CE9900D65C10 /* SearchBarView.swift in Sources */,
				460F599F29A5C37300E11E59 /* ClassComponent.swift in Sources */,
				46C429D829B295A400725C54 /* ClassDetailsView.swift in Sources */,
				46E37DDC29A9C83500D65C10 /* Class.swift in Sources */,
				7555FF83242A565900829871 /* ContentView.swift in Sources */,
				798CF96729B819D500D12FF8 /* NotificationView.swift in Sources */,
			);
			runOnlyForDeploymentPostprocessing = 0;
		};
/* End PBXSourcesBuildPhase section */

/* Begin XCBuildConfiguration section */
		7555FFA3242A565B00829871 /* Debug */ = {
			isa = XCBuildConfiguration;
			buildSettings = {
				ALWAYS_SEARCH_USER_PATHS = NO;
				CLANG_ANALYZER_NONNULL = YES;
				CLANG_ANALYZER_NUMBER_OBJECT_CONVERSION = YES_AGGRESSIVE;
				CLANG_CXX_LANGUAGE_STANDARD = "gnu++14";
				CLANG_CXX_LIBRARY = "libc++";
				CLANG_ENABLE_MODULES = YES;
				CLANG_ENABLE_OBJC_ARC = YES;
				CLANG_ENABLE_OBJC_WEAK = YES;
				CLANG_WARN_BLOCK_CAPTURE_AUTORELEASING = YES;
				CLANG_WARN_BOOL_CONVERSION = YES;
				CLANG_WARN_COMMA = YES;
				CLANG_WARN_CONSTANT_CONVERSION = YES;
				CLANG_WARN_DEPRECATED_OBJC_IMPLEMENTATIONS = YES;
				CLANG_WARN_DIRECT_OBJC_ISA_USAGE = YES_ERROR;
				CLANG_WARN_DOCUMENTATION_COMMENTS = YES;
				CLANG_WARN_EMPTY_BODY = YES;
				CLANG_WARN_ENUM_CONVERSION = YES;
				CLANG_WARN_INFINITE_RECURSION = YES;
				CLANG_WARN_INT_CONVERSION = YES;
				CLANG_WARN_NON_LITERAL_NULL_CONVERSION = YES;
				CLANG_WARN_OBJC_IMPLICIT_RETAIN_SELF = YES;
				CLANG_WARN_OBJC_LITERAL_CONVERSION = YES;
				CLANG_WARN_OBJC_ROOT_CLASS = YES_ERROR;
				CLANG_WARN_QUOTED_INCLUDE_IN_FRAMEWORK_HEADER = YES;
				CLANG_WARN_RANGE_LOOP_ANALYSIS = YES;
				CLANG_WARN_STRICT_PROTOTYPES = YES;
				CLANG_WARN_SUSPICIOUS_MOVE = YES;
				CLANG_WARN_UNGUARDED_AVAILABILITY = YES_AGGRESSIVE;
				CLANG_WARN_UNREACHABLE_CODE = YES;
				CLANG_WARN__DUPLICATE_METHOD_MATCH = YES;
				COPY_PHASE_STRIP = NO;
				DEBUG_INFORMATION_FORMAT = "dwarf-with-dsym";
				ENABLE_STRICT_OBJC_MSGSEND = YES;
				ENABLE_TESTABILITY = YES;
				GCC_C_LANGUAGE_STANDARD = gnu11;
				GCC_DYNAMIC_NO_PIC = NO;
				GCC_NO_COMMON_BLOCKS = YES;
				GCC_OPTIMIZATION_LEVEL = 0;
				GCC_PREPROCESSOR_DEFINITIONS = (
					"DEBUG=1",
					"$(inherited)",
				);
				GCC_WARN_64_TO_32_BIT_CONVERSION = YES;
				GCC_WARN_ABOUT_RETURN_TYPE = YES_ERROR;
				GCC_WARN_UNDECLARED_SELECTOR = YES;
				GCC_WARN_UNINITIALIZED_AUTOS = YES_AGGRESSIVE;
				GCC_WARN_UNUSED_FUNCTION = YES;
				GCC_WARN_UNUSED_VARIABLE = YES;
				IPHONEOS_DEPLOYMENT_TARGET = 14.1;
				MTL_ENABLE_DEBUG_INFO = INCLUDE_SOURCE;
				MTL_FAST_MATH = YES;
				ONLY_ACTIVE_ARCH = YES;
				SDKROOT = iphoneos;
				SWIFT_ACTIVE_COMPILATION_CONDITIONS = DEBUG;
				SWIFT_OPTIMIZATION_LEVEL = "-Onone";
			};
			name = Debug;
		};
		7555FFA4242A565B00829871 /* Release */ = {
			isa = XCBuildConfiguration;
			buildSettings = {
				ALWAYS_SEARCH_USER_PATHS = NO;
				CLANG_ANALYZER_NONNULL = YES;
				CLANG_ANALYZER_NUMBER_OBJECT_CONVERSION = YES_AGGRESSIVE;
				CLANG_CXX_LANGUAGE_STANDARD = "gnu++14";
				CLANG_CXX_LIBRARY = "libc++";
				CLANG_ENABLE_MODULES = YES;
				CLANG_ENABLE_OBJC_ARC = YES;
				CLANG_ENABLE_OBJC_WEAK = YES;
				CLANG_WARN_BLOCK_CAPTURE_AUTORELEASING = YES;
				CLANG_WARN_BOOL_CONVERSION = YES;
				CLANG_WARN_COMMA = YES;
				CLANG_WARN_CONSTANT_CONVERSION = YES;
				CLANG_WARN_DEPRECATED_OBJC_IMPLEMENTATIONS = YES;
				CLANG_WARN_DIRECT_OBJC_ISA_USAGE = YES_ERROR;
				CLANG_WARN_DOCUMENTATION_COMMENTS = YES;
				CLANG_WARN_EMPTY_BODY = YES;
				CLANG_WARN_ENUM_CONVERSION = YES;
				CLANG_WARN_INFINITE_RECURSION = YES;
				CLANG_WARN_INT_CONVERSION = YES;
				CLANG_WARN_NON_LITERAL_NULL_CONVERSION = YES;
				CLANG_WARN_OBJC_IMPLICIT_RETAIN_SELF = YES;
				CLANG_WARN_OBJC_LITERAL_CONVERSION = YES;
				CLANG_WARN_OBJC_ROOT_CLASS = YES_ERROR;
				CLANG_WARN_QUOTED_INCLUDE_IN_FRAMEWORK_HEADER = YES;
				CLANG_WARN_RANGE_LOOP_ANALYSIS = YES;
				CLANG_WARN_STRICT_PROTOTYPES = YES;
				CLANG_WARN_SUSPICIOUS_MOVE = YES;
				CLANG_WARN_UNGUARDED_AVAILABILITY = YES_AGGRESSIVE;
				CLANG_WARN_UNREACHABLE_CODE = YES;
				CLANG_WARN__DUPLICATE_METHOD_MATCH = YES;
				COPY_PHASE_STRIP = NO;
				DEBUG_INFORMATION_FORMAT = "dwarf-with-dsym";
				ENABLE_NS_ASSERTIONS = NO;
				ENABLE_STRICT_OBJC_MSGSEND = YES;
				GCC_C_LANGUAGE_STANDARD = gnu11;
				GCC_NO_COMMON_BLOCKS = YES;
				GCC_WARN_64_TO_32_BIT_CONVERSION = YES;
				GCC_WARN_ABOUT_RETURN_TYPE = YES_ERROR;
				GCC_WARN_UNDECLARED_SELECTOR = YES;
				GCC_WARN_UNINITIALIZED_AUTOS = YES_AGGRESSIVE;
				GCC_WARN_UNUSED_FUNCTION = YES;
				GCC_WARN_UNUSED_VARIABLE = YES;
				IPHONEOS_DEPLOYMENT_TARGET = 14.1;
				MTL_ENABLE_DEBUG_INFO = NO;
				MTL_FAST_MATH = YES;
				SDKROOT = iphoneos;
				SWIFT_COMPILATION_MODE = wholemodule;
				SWIFT_OPTIMIZATION_LEVEL = "-O";
				VALIDATE_PRODUCT = YES;
			};
			name = Release;
		};
		7555FFA6242A565B00829871 /* Debug */ = {
			isa = XCBuildConfiguration;
			buildSettings = {
				ASSETCATALOG_COMPILER_APPICON_NAME = AppIcon;
				CODE_SIGN_STYLE = Automatic;
				DEVELOPMENT_ASSET_PATHS = "\"roaryMinderIOS/Preview Content\"";
				DEVELOPMENT_TEAM = TP72ZUW63N;
				ENABLE_PREVIEWS = YES;
				FRAMEWORK_SEARCH_PATHS = (
					"$(inherited)",
					"$(SRCROOT)/../shared/build/xcode-frameworks/$(CONFIGURATION)/$(SDK_NAME)",
				);
				INFOPLIST_FILE = roaryMinderIOS/Info.plist;
				IPHONEOS_DEPLOYMENT_TARGET = 16.0;
				LD_RUNPATH_SEARCH_PATHS = (
					"$(inherited)",
					"@executable_path/Frameworks",
				);
				OTHER_LDFLAGS = (
					"$(inherited)",
					"-framework",
					shared,
				);
				PRODUCT_BUNDLE_IDENTIFIER = orgIdentifier.roaryMinderIOS;
				PRODUCT_NAME = "$(TARGET_NAME)";
				SWIFT_VERSION = 5.0;
				TARGETED_DEVICE_FAMILY = "1,2";
			};
			name = Debug;
		};
		7555FFA7242A565B00829871 /* Release */ = {
			isa = XCBuildConfiguration;
			buildSettings = {
				ASSETCATALOG_COMPILER_APPICON_NAME = AppIcon;
				CODE_SIGN_STYLE = Automatic;
				DEVELOPMENT_ASSET_PATHS = "\"roaryMinderIOS/Preview Content\"";
				DEVELOPMENT_TEAM = TP72ZUW63N;
				ENABLE_PREVIEWS = YES;
				FRAMEWORK_SEARCH_PATHS = (
					"$(inherited)",
					"$(SRCROOT)/../shared/build/xcode-frameworks/$(CONFIGURATION)/$(SDK_NAME)",
				);
				INFOPLIST_FILE = roaryMinderIOS/Info.plist;
				IPHONEOS_DEPLOYMENT_TARGET = 16.0;
				LD_RUNPATH_SEARCH_PATHS = (
					"$(inherited)",
					"@executable_path/Frameworks",
				);
				OTHER_LDFLAGS = (
					"$(inherited)",
					"-framework",
					shared,
				);
				PRODUCT_BUNDLE_IDENTIFIER = orgIdentifier.roaryMinderIOS;
				PRODUCT_NAME = "$(TARGET_NAME)";
				SWIFT_VERSION = 5.0;
				TARGETED_DEVICE_FAMILY = "1,2";
			};
			name = Release;
		};
/* End XCBuildConfiguration section */

/* Begin XCConfigurationList section */
		7555FF76242A565900829871 /* Build configuration list for PBXProject "RoaryMinder" */ = {
			isa = XCConfigurationList;
			buildConfigurations = (
				7555FFA3242A565B00829871 /* Debug */,
				7555FFA4242A565B00829871 /* Release */,
			);
			defaultConfigurationIsVisible = 0;
			defaultConfigurationName = Release;
		};
		7555FFA5242A565B00829871 /* Build configuration list for PBXNativeTarget "RoaryMinder" */ = {
			isa = XCConfigurationList;
			buildConfigurations = (
				7555FFA6242A565B00829871 /* Debug */,
				7555FFA7242A565B00829871 /* Release */,
			);
			defaultConfigurationIsVisible = 0;
			defaultConfigurationName = Release;
		};
/* End XCConfigurationList section */

/* Begin XCRemoteSwiftPackageReference section */
		5719604029C3D1F600B432D6 /* XCRemoteSwiftPackageReference "firebase-ios-sdk" */ = {
			isa = XCRemoteSwiftPackageReference;
			repositoryURL = "https://github.com/firebase/firebase-ios-sdk";
			requirement = {
				kind = upToNextMajorVersion;
				minimumVersion = 9.0.0;
			};
		};
		5740C38229CA761B006A6FF1 /* XCRemoteSwiftPackageReference "KMM-ViewModel" */ = {
			isa = XCRemoteSwiftPackageReference;
			repositoryURL = "https://github.com/rickclephas/KMM-ViewModel.git";
			requirement = {
				branch = master;
				kind = branch;
			};
		};
/* End XCRemoteSwiftPackageReference section */

/* Begin XCSwiftPackageProductDependency section */
		5719604129C3D1F700B432D6 /* FirebaseAnalytics */ = {
			isa = XCSwiftPackageProductDependency;
			package = 5719604029C3D1F600B432D6 /* XCRemoteSwiftPackageReference "firebase-ios-sdk" */;
			productName = FirebaseAnalytics;
		};
		5719604329C3D1F700B432D6 /* FirebaseAnalyticsOnDeviceConversion */ = {
			isa = XCSwiftPackageProductDependency;
			package = 5719604029C3D1F600B432D6 /* XCRemoteSwiftPackageReference "firebase-ios-sdk" */;
			productName = FirebaseAnalyticsOnDeviceConversion;
		};
		5719604529C3D1F700B432D6 /* FirebaseAnalyticsSwift */ = {
			isa = XCSwiftPackageProductDependency;
			package = 5719604029C3D1F600B432D6 /* XCRemoteSwiftPackageReference "firebase-ios-sdk" */;
			productName = FirebaseAnalyticsSwift;
		};
		5719604729C3D1F700B432D6 /* FirebaseAnalyticsWithoutAdIdSupport */ = {
			isa = XCSwiftPackageProductDependency;
			package = 5719604029C3D1F600B432D6 /* XCRemoteSwiftPackageReference "firebase-ios-sdk" */;
			productName = FirebaseAnalyticsWithoutAdIdSupport;
		};
		5719604929C3D1F700B432D6 /* FirebaseAppCheck */ = {
			isa = XCSwiftPackageProductDependency;
			package = 5719604029C3D1F600B432D6 /* XCRemoteSwiftPackageReference "firebase-ios-sdk" */;
			productName = FirebaseAppCheck;
		};
		5719604B29C3D1F700B432D6 /* FirebaseAppDistribution-Beta */ = {
			isa = XCSwiftPackageProductDependency;
			package = 5719604029C3D1F600B432D6 /* XCRemoteSwiftPackageReference "firebase-ios-sdk" */;
			productName = "FirebaseAppDistribution-Beta";
		};
		5719604D29C3D1F700B432D6 /* FirebaseAuth */ = {
			isa = XCSwiftPackageProductDependency;
			package = 5719604029C3D1F600B432D6 /* XCRemoteSwiftPackageReference "firebase-ios-sdk" */;
			productName = FirebaseAuth;
		};
		5719604F29C3D1F700B432D6 /* FirebaseAuthCombine-Community */ = {
			isa = XCSwiftPackageProductDependency;
			package = 5719604029C3D1F600B432D6 /* XCRemoteSwiftPackageReference "firebase-ios-sdk" */;
			productName = "FirebaseAuthCombine-Community";
		};
		5719605129C3D1F700B432D6 /* FirebaseCrashlytics */ = {
			isa = XCSwiftPackageProductDependency;
			package = 5719604029C3D1F600B432D6 /* XCRemoteSwiftPackageReference "firebase-ios-sdk" */;
			productName = FirebaseCrashlytics;
		};
		5719605329C3D1F700B432D6 /* FirebaseDatabase */ = {
			isa = XCSwiftPackageProductDependency;
			package = 5719604029C3D1F600B432D6 /* XCRemoteSwiftPackageReference "firebase-ios-sdk" */;
			productName = FirebaseDatabase;
		};
		5719605529C3D1F700B432D6 /* FirebaseDatabaseSwift */ = {
			isa = XCSwiftPackageProductDependency;
			package = 5719604029C3D1F600B432D6 /* XCRemoteSwiftPackageReference "firebase-ios-sdk" */;
			productName = FirebaseDatabaseSwift;
		};
		5719605729C3D1F700B432D6 /* FirebaseDynamicLinks */ = {
			isa = XCSwiftPackageProductDependency;
			package = 5719604029C3D1F600B432D6 /* XCRemoteSwiftPackageReference "firebase-ios-sdk" */;
			productName = FirebaseDynamicLinks;
		};
		5719605929C3D1F700B432D6 /* FirebaseFirestore */ = {
			isa = XCSwiftPackageProductDependency;
			package = 5719604029C3D1F600B432D6 /* XCRemoteSwiftPackageReference "firebase-ios-sdk" */;
			productName = FirebaseFirestore;
		};
		5719605B29C3D1F700B432D6 /* FirebaseFirestoreCombine-Community */ = {
			isa = XCSwiftPackageProductDependency;
			package = 5719604029C3D1F600B432D6 /* XCRemoteSwiftPackageReference "firebase-ios-sdk" */;
			productName = "FirebaseFirestoreCombine-Community";
		};
		5719605D29C3D1F700B432D6 /* FirebaseFirestoreSwift */ = {
			isa = XCSwiftPackageProductDependency;
			package = 5719604029C3D1F600B432D6 /* XCRemoteSwiftPackageReference "firebase-ios-sdk" */;
			productName = FirebaseFirestoreSwift;
		};
		5719605F29C3D1F700B432D6 /* FirebaseFunctions */ = {
			isa = XCSwiftPackageProductDependency;
			package = 5719604029C3D1F600B432D6 /* XCRemoteSwiftPackageReference "firebase-ios-sdk" */;
			productName = FirebaseFunctions;
		};
		5719606129C3D1F700B432D6 /* FirebaseFunctionsCombine-Community */ = {
			isa = XCSwiftPackageProductDependency;
			package = 5719604029C3D1F600B432D6 /* XCRemoteSwiftPackageReference "firebase-ios-sdk" */;
			productName = "FirebaseFunctionsCombine-Community";
		};
		5719606329C3D1F700B432D6 /* FirebaseInAppMessaging-Beta */ = {
			isa = XCSwiftPackageProductDependency;
			package = 5719604029C3D1F600B432D6 /* XCRemoteSwiftPackageReference "firebase-ios-sdk" */;
			productName = "FirebaseInAppMessaging-Beta";
		};
		5719606529C3D1F700B432D6 /* FirebaseInAppMessagingSwift-Beta */ = {
			isa = XCSwiftPackageProductDependency;
			package = 5719604029C3D1F600B432D6 /* XCRemoteSwiftPackageReference "firebase-ios-sdk" */;
			productName = "FirebaseInAppMessagingSwift-Beta";
		};
		5719606729C3D1F700B432D6 /* FirebaseInstallations */ = {
			isa = XCSwiftPackageProductDependency;
			package = 5719604029C3D1F600B432D6 /* XCRemoteSwiftPackageReference "firebase-ios-sdk" */;
			productName = FirebaseInstallations;
		};
		5719606929C3D1F700B432D6 /* FirebaseMLModelDownloader */ = {
			isa = XCSwiftPackageProductDependency;
			package = 5719604029C3D1F600B432D6 /* XCRemoteSwiftPackageReference "firebase-ios-sdk" */;
			productName = FirebaseMLModelDownloader;
		};
		5719606B29C3D1F700B432D6 /* FirebaseMessaging */ = {
			isa = XCSwiftPackageProductDependency;
			package = 5719604029C3D1F600B432D6 /* XCRemoteSwiftPackageReference "firebase-ios-sdk" */;
			productName = FirebaseMessaging;
		};
		5719606D29C3D1F700B432D6 /* FirebasePerformance */ = {
			isa = XCSwiftPackageProductDependency;
			package = 5719604029C3D1F600B432D6 /* XCRemoteSwiftPackageReference "firebase-ios-sdk" */;
			productName = FirebasePerformance;
		};
		5719606F29C3D1F700B432D6 /* FirebaseRemoteConfig */ = {
			isa = XCSwiftPackageProductDependency;
			package = 5719604029C3D1F600B432D6 /* XCRemoteSwiftPackageReference "firebase-ios-sdk" */;
			productName = FirebaseRemoteConfig;
		};
		5719607129C3D1F700B432D6 /* FirebaseRemoteConfigSwift */ = {
			isa = XCSwiftPackageProductDependency;
			package = 5719604029C3D1F600B432D6 /* XCRemoteSwiftPackageReference "firebase-ios-sdk" */;
			productName = FirebaseRemoteConfigSwift;
		};
		5719607329C3D1F700B432D6 /* FirebaseStorage */ = {
			isa = XCSwiftPackageProductDependency;
			package = 5719604029C3D1F600B432D6 /* XCRemoteSwiftPackageReference "firebase-ios-sdk" */;
			productName = FirebaseStorage;
		};
		5719607529C3D1F700B432D6 /* FirebaseStorageCombine-Community */ = {
			isa = XCSwiftPackageProductDependency;
			package = 5719604029C3D1F600B432D6 /* XCRemoteSwiftPackageReference "firebase-ios-sdk" */;
			productName = "FirebaseStorageCombine-Community";
		};
		5740C38329CA761B006A6FF1 /* KMMViewModelCore */ = {
			isa = XCSwiftPackageProductDependency;
			package = 5740C38229CA761B006A6FF1 /* XCRemoteSwiftPackageReference "KMM-ViewModel" */;
			productName = KMMViewModelCore;
		};
		5740C38529CA761B006A6FF1 /* KMMViewModelSwiftUI */ = {
			isa = XCSwiftPackageProductDependency;
			package = 5740C38229CA761B006A6FF1 /* XCRemoteSwiftPackageReference "KMM-ViewModel" */;
			productName = KMMViewModelSwiftUI;
		};
/* End XCSwiftPackageProductDependency section */
	};
	rootObject = 7555FF73242A565900829871 /* Project object */;
}
